
Microsoft Visual Studio Solution File, Format Version 12.00
# Visual Studio 15
VisualStudioVersion = 15.0.26124.0
MinimumVisualStudioVersion = 15.0.26124.0
Project("{FAE04EC0-301F-11D3-BF4B-00C04F79EFBC}") = "BankAuditor", "BankAuditor\BankAuditor.csproj", "{82850655-DB31-464E-9E5A-1BCACAB81442}"
EndProject
Project("{FAE04EC0-301F-11D3-BF4B-00C04F79EFBC}") = "BankFrontend", "BankFrontend\BankFrontend.csproj", "{AF7A1D9D-3735-4CBA-9E30-5AA5B2853B3B}"
EndProject
Project("{FAE04EC0-301F-11D3-BF4B-00C04F79EFBC}") = "BankServer", "BankServer\BankServer.csproj", "{C8FA918F-1F09-4B27-AE0A-094DC78A681A}"
EndProject
Global
	GlobalSection(SolutionConfigurationPlatforms) = preSolution
		Debug|Any CPU = Debug|Any CPU
		Debug|x64 = Debug|x64
		Debug|x86 = Debug|x86
		Release|Any CPU = Release|Any CPU
		Release|x64 = Release|x64
		Release|x86 = Release|x86
	EndGlobalSection
	GlobalSection(SolutionProperties) = preSolution
		HideSolutionNode = FALSE
	EndGlobalSection
	GlobalSection(ProjectConfigurationPlatforms) = postSolution
		{82850655-DB31-464E-9E5A-1BCACAB81442}.Debug|Any CPU.ActiveCfg = Debug|Any CPU
		{82850655-DB31-464E-9E5A-1BCACAB81442}.Debug|Any CPU.Build.0 = Debug|Any CPU
		{82850655-DB31-464E-9E5A-1BCACAB81442}.Debug|x64.ActiveCfg = Debug|Any CPU
		{82850655-DB31-464E-9E5A-1BCACAB81442}.Debug|x64.Build.0 = Debug|Any CPU
		{82850655-DB31-464E-9E5A-1BCACAB81442}.Debug|x86.ActiveCfg = Debug|Any CPU
		{82850655-DB31-464E-9E5A-1BCACAB81442}.Debug|x86.Build.0 = Debug|Any CPU
		{82850655-DB31-464E-9E5A-1BCACAB81442}.Release|Any CPU.ActiveCfg = Release|Any CPU
		{82850655-DB31-464E-9E5A-1BCACAB81442}.Release|Any CPU.Build.0 = Release|Any CPU
		{82850655-DB31-464E-9E5A-1BCACAB81442}.Release|x64.ActiveCfg = Release|Any CPU
		{82850655-DB31-464E-9E5A-1BCACAB81442}.Release|x64.Build.0 = Release|Any CPU
		{82850655-DB31-464E-9E5A-1BCACAB81442}.Release|x86.ActiveCfg = Release|Any CPU
		{82850655-DB31-464E-9E5A-1BCACAB81442}.Release|x86.Build.0 = Release|Any CPU
		{AF7A1D9D-3735-4CBA-9E30-5AA5B2853B3B}.Debug|Any CPU.ActiveCfg = Debug|Any CPU
		{AF7A1D9D-3735-4CBA-9E30-5AA5B2853B3B}.Debug|Any CPU.Build.0 = Debug|Any CPU
		{AF7A1D9D-3735-4CBA-9E30-5AA5B2853B3B}.Debug|x64.ActiveCfg = Debug|Any CPU
		{AF7A1D9D-3735-4CBA-9E30-5AA5B2853B3B}.Debug|x64.Build.0 = Debug|Any CPU
		{AF7A1D9D-3735-4CBA-9E30-5AA5B2853B3B}.Debug|x86.ActiveCfg = Debug|Any CPU
		{AF7A1D9D-3735-4CBA-9E30-5AA5B2853B3B}.Debug|x86.Build.0 = Debug|Any CPU
		{AF7A1D9D-3735-4CBA-9E30-5AA5B2853B3B}.Release|Any CPU.ActiveCfg = Release|Any CPU
		{AF7A1D9D-3735-4CBA-9E30-5AA5B2853B3B}.Release|Any CPU.Build.0 = Release|Any CPU
		{AF7A1D9D-3735-4CBA-9E30-5AA5B2853B3B}.Release|x64.ActiveCfg = Release|Any CPU
		{AF7A1D9D-3735-4CBA-9E30-5AA5B2853B3B}.Release|x64.Build.0 = Release|Any CPU
		{AF7A1D9D-3735-4CBA-9E30-5AA5B2853B3B}.Release|x86.ActiveCfg = Release|Any CPU
		{AF7A1D9D-3735-4CBA-9E30-5AA5B2853B3B}.Release|x86.Build.0 = Release|Any CPU
		{C8FA918F-1F09-4B27-AE0A-094DC78A681A}.Debug|Any CPU.ActiveCfg = Debug|Any CPU
		{C8FA918F-1F09-4B27-AE0A-094DC78A681A}.Debug|Any CPU.Build.0 = Debug|Any CPU
		{C8FA918F-1F09-4B27-AE0A-094DC78A681A}.Debug|x64.ActiveCfg = Debug|Any CPU
		{C8FA918F-1F09-4B27-AE0A-094DC78A681A}.Debug|x64.Build.0 = Debug|Any CPU
		{C8FA918F-1F09-4B27-AE0A-094DC78A681A}.Debug|x86.ActiveCfg = Debug|Any CPU
		{C8FA918F-1F09-4B27-AE0A-094DC78A681A}.Debug|x86.Build.0 = Debug|Any CPU
		{C8FA918F-1F09-4B27-AE0A-094DC78A681A}.Release|Any CPU.ActiveCfg = Release|Any CPU
		{C8FA918F-1F09-4B27-AE0A-094DC78A681A}.Release|Any CPU.Build.0 = Release|Any CPU
		{C8FA918F-1F09-4B27-AE0A-094DC78A681A}.Release|x64.ActiveCfg = Release|Any CPU
		{C8FA918F-1F09-4B27-AE0A-094DC78A681A}.Release|x64.Build.0 = Release|Any CPU
		{C8FA918F-1F09-4B27-AE0A-094DC78A681A}.Release|x86.ActiveCfg = Release|Any CPU
		{C8FA918F-1F09-4B27-AE0A-094DC78A681A}.Release|x86.Build.0 = Release|Any CPU
	EndGlobalSection
EndGlobal
