
Microsoft Visual Studio Solution File, Format Version 12.00
# Visual Studio Version 16
VisualStudioVersion = 16.0.28523.61
MinimumVisualStudioVersion = 15.0.26124.0
Project("{9A19103F-16F7-4668-BE54-9A1E7A4F7556}") = "Evolution", "Evolution\Evolution.csproj", "{12AC09D2-EFFF-4782-BB7A-25B7DC46C538}"
EndProject
Project("{9A19103F-16F7-4668-BE54-9A1E7A4F7556}") = "SomeBugs", "SomeBugs\SomeBugs.csproj", "{C38743F4-83DF-4481-8520-BE8145EA6B9D}"
EndProject
Project("{9A19103F-16F7-4668-BE54-9A1E7A4F7556}") = "TheFuture", "TheFuture\TheFuture.csproj", "{E3A962DA-A738-4B6A-BCF8-D7AEACF07E3B}"
EndProject
Global
	GlobalSection(SolutionConfigurationPlatforms) = preSolution
		Debug|Any CPU = Debug|Any CPU
		Debug|x64 = Debug|x64
		Debug|x86 = Debug|x86
		Release|Any CPU = Release|Any CPU
		Release|x64 = Release|x64
		Release|x86 = Release|x86
	EndGlobalSection
	GlobalSection(ProjectConfigurationPlatforms) = postSolution
		{12AC09D2-EFFF-4782-BB7A-25B7DC46C538}.Debug|Any CPU.ActiveCfg = Debug|Any CPU
		{12AC09D2-EFFF-4782-BB7A-25B7DC46C538}.Debug|Any CPU.Build.0 = Debug|Any CPU
		{12AC09D2-EFFF-4782-BB7A-25B7DC46C538}.Debug|x64.ActiveCfg = Debug|Any CPU
		{12AC09D2-EFFF-4782-BB7A-25B7DC46C538}.Debug|x64.Build.0 = Debug|Any CPU
		{12AC09D2-EFFF-4782-BB7A-25B7DC46C538}.Debug|x86.ActiveCfg = Debug|Any CPU
		{12AC09D2-EFFF-4782-BB7A-25B7DC46C538}.Debug|x86.Build.0 = Debug|Any CPU
		{12AC09D2-EFFF-4782-BB7A-25B7DC46C538}.Release|Any CPU.ActiveCfg = Release|Any CPU
		{12AC09D2-EFFF-4782-BB7A-25B7DC46C538}.Release|Any CPU.Build.0 = Release|Any CPU
		{12AC09D2-EFFF-4782-BB7A-25B7DC46C538}.Release|x64.ActiveCfg = Release|Any CPU
		{12AC09D2-EFFF-4782-BB7A-25B7DC46C538}.Release|x64.Build.0 = Release|Any CPU
		{12AC09D2-EFFF-4782-BB7A-25B7DC46C538}.Release|x86.ActiveCfg = Release|Any CPU
		{12AC09D2-EFFF-4782-BB7A-25B7DC46C538}.Release|x86.Build.0 = Release|Any CPU
		{C38743F4-83DF-4481-8520-BE8145EA6B9D}.Debug|Any CPU.ActiveCfg = Debug|Any CPU
		{C38743F4-83DF-4481-8520-BE8145EA6B9D}.Debug|Any CPU.Build.0 = Debug|Any CPU
		{C38743F4-83DF-4481-8520-BE8145EA6B9D}.Debug|x64.ActiveCfg = Debug|Any CPU
		{C38743F4-83DF-4481-8520-BE8145EA6B9D}.Debug|x64.Build.0 = Debug|Any CPU
		{C38743F4-83DF-4481-8520-BE8145EA6B9D}.Debug|x86.ActiveCfg = Debug|Any CPU
		{C38743F4-83DF-4481-8520-BE8145EA6B9D}.Debug|x86.Build.0 = Debug|Any CPU
		{C38743F4-83DF-4481-8520-BE8145EA6B9D}.Release|Any CPU.ActiveCfg = Release|Any CPU
		{C38743F4-83DF-4481-8520-BE8145EA6B9D}.Release|Any CPU.Build.0 = Release|Any CPU
		{C38743F4-83DF-4481-8520-BE8145EA6B9D}.Release|x64.ActiveCfg = Release|Any CPU
		{C38743F4-83DF-4481-8520-BE8145EA6B9D}.Release|x64.Build.0 = Release|Any CPU
		{C38743F4-83DF-4481-8520-BE8145EA6B9D}.Release|x86.ActiveCfg = Release|Any CPU
		{C38743F4-83DF-4481-8520-BE8145EA6B9D}.Release|x86.Build.0 = Release|Any CPU
		{E3A962DA-A738-4B6A-BCF8-D7AEACF07E3B}.Debug|Any CPU.ActiveCfg = Debug|Any CPU
		{E3A962DA-A738-4B6A-BCF8-D7AEACF07E3B}.Debug|Any CPU.Build.0 = Debug|Any CPU
		{E3A962DA-A738-4B6A-BCF8-D7AEACF07E3B}.Debug|x64.ActiveCfg = Debug|Any CPU
		{E3A962DA-A738-4B6A-BCF8-D7AEACF07E3B}.Debug|x64.Build.0 = Debug|Any CPU
		{E3A962DA-A738-4B6A-BCF8-D7AEACF07E3B}.Debug|x86.ActiveCfg = Debug|Any CPU
		{E3A962DA-A738-4B6A-BCF8-D7AEACF07E3B}.Debug|x86.Build.0 = Debug|Any CPU
		{E3A962DA-A738-4B6A-BCF8-D7AEACF07E3B}.Release|Any CPU.ActiveCfg = Release|Any CPU
		{E3A962DA-A738-4B6A-BCF8-D7AEACF07E3B}.Release|Any CPU.Build.0 = Release|Any CPU
		{E3A962DA-A738-4B6A-BCF8-D7AEACF07E3B}.Release|x64.ActiveCfg = Release|Any CPU
		{E3A962DA-A738-4B6A-BCF8-D7AEACF07E3B}.Release|x64.Build.0 = Release|Any CPU
		{E3A962DA-A738-4B6A-BCF8-D7AEACF07E3B}.Release|x86.ActiveCfg = Release|Any CPU
		{E3A962DA-A738-4B6A-BCF8-D7AEACF07E3B}.Release|x86.Build.0 = Release|Any CPU
	EndGlobalSection
	GlobalSection(SolutionProperties) = preSolution
		HideSolutionNode = FALSE
	EndGlobalSection
	GlobalSection(ExtensibilityGlobals) = postSolution
		SolutionGuid = {2859811C-5835-4BB6-8429-EF7C138998A4}
	EndGlobalSection
EndGlobal
