
Microsoft Visual Studio Solution File, Format Version 12.00
# Visual Studio 15
VisualStudioVersion = 15.0.26124.0
MinimumVisualStudioVersion = 15.0.26124.0
Project("{FAE04EC0-301F-11D3-BF4B-00C04F79EFBC}") = "trainingday-backend", "trainingday-backend\trainingday-backend.csproj", "{A60618ED-3FD1-4BD7-BFB5-84C362842D3C}"
EndProject
Project("{FAE04EC0-301F-11D3-BF4B-00C04F79EFBC}") = "trainingday-frontend", "trainingday-frontend\trainingday-frontend.csproj", "{DD4620B0-6CE8-45AD-AE62-4D510B9EB7BA}"
EndProject
Global
	GlobalSection(SolutionConfigurationPlatforms) = preSolution
		Debug|Any CPU = Debug|Any CPU
		Debug|x64 = Debug|x64
		Debug|x86 = Debug|x86
		Release|Any CPU = Release|Any CPU
		Release|x64 = Release|x64
		Release|x86 = Release|x86
	EndGlobalSection
	GlobalSection(SolutionProperties) = preSolution
		HideSolutionNode = FALSE
	EndGlobalSection
	GlobalSection(ProjectConfigurationPlatforms) = postSolution
		{A60618ED-3FD1-4BD7-BFB5-84C362842D3C}.Debug|Any CPU.ActiveCfg = Debug|Any CPU
		{A60618ED-3FD1-4BD7-BFB5-84C362842D3C}.Debug|Any CPU.Build.0 = Debug|Any CPU
		{A60618ED-3FD1-4BD7-BFB5-84C362842D3C}.Debug|x64.ActiveCfg = Debug|Any CPU
		{A60618ED-3FD1-4BD7-BFB5-84C362842D3C}.Debug|x64.Build.0 = Debug|Any CPU
		{A60618ED-3FD1-4BD7-BFB5-84C362842D3C}.Debug|x86.ActiveCfg = Debug|Any CPU
		{A60618ED-3FD1-4BD7-BFB5-84C362842D3C}.Debug|x86.Build.0 = Debug|Any CPU
		{A60618ED-3FD1-4BD7-BFB5-84C362842D3C}.Release|Any CPU.ActiveCfg = Release|Any CPU
		{A60618ED-3FD1-4BD7-BFB5-84C362842D3C}.Release|Any CPU.Build.0 = Release|Any CPU
		{A60618ED-3FD1-4BD7-BFB5-84C362842D3C}.Release|x64.ActiveCfg = Release|Any CPU
		{A60618ED-3FD1-4BD7-BFB5-84C362842D3C}.Release|x64.Build.0 = Release|Any CPU
		{A60618ED-3FD1-4BD7-BFB5-84C362842D3C}.Release|x86.ActiveCfg = Release|Any CPU
		{A60618ED-3FD1-4BD7-BFB5-84C362842D3C}.Release|x86.Build.0 = Release|Any CPU
		{DD4620B0-6CE8-45AD-AE62-4D510B9EB7BA}.Debug|Any CPU.ActiveCfg = Debug|Any CPU
		{DD4620B0-6CE8-45AD-AE62-4D510B9EB7BA}.Debug|Any CPU.Build.0 = Debug|Any CPU
		{DD4620B0-6CE8-45AD-AE62-4D510B9EB7BA}.Debug|x64.ActiveCfg = Debug|Any CPU
		{DD4620B0-6CE8-45AD-AE62-4D510B9EB7BA}.Debug|x64.Build.0 = Debug|Any CPU
		{DD4620B0-6CE8-45AD-AE62-4D510B9EB7BA}.Debug|x86.ActiveCfg = Debug|Any CPU
		{DD4620B0-6CE8-45AD-AE62-4D510B9EB7BA}.Debug|x86.Build.0 = Debug|Any CPU
		{DD4620B0-6CE8-45AD-AE62-4D510B9EB7BA}.Release|Any CPU.ActiveCfg = Release|Any CPU
		{DD4620B0-6CE8-45AD-AE62-4D510B9EB7BA}.Release|Any CPU.Build.0 = Release|Any CPU
		{DD4620B0-6CE8-45AD-AE62-4D510B9EB7BA}.Release|x64.ActiveCfg = Release|Any CPU
		{DD4620B0-6CE8-45AD-AE62-4D510B9EB7BA}.Release|x64.Build.0 = Release|Any CPU
		{DD4620B0-6CE8-45AD-AE62-4D510B9EB7BA}.Release|x86.ActiveCfg = Release|Any CPU
		{DD4620B0-6CE8-45AD-AE62-4D510B9EB7BA}.Release|x86.Build.0 = Release|Any CPU
	EndGlobalSection
EndGlobal
